
Microsoft Visual Studio Solution File, Format Version 12.00
# Visual Studio 15
VisualStudioVersion = 15.0.27703.2000
MinimumVisualStudioVersion = 10.0.40219.1
Project("{8BC9CEB8-8B4A-11D0-8D11-00A0C91BC942}") = "irespo", "irespo\irespo.vcxproj", "{7B66BC00-A689-409E-A8BC-9F381E94CDC1}"
EndProject
Global
	GlobalSection(SolutionConfigurationPlatforms) = preSolution
		Debug|ARM = Debug|ARM
		Debug|x64 = Debug|x64
		Debug|x86 = Debug|x86
		Release|ARM = Release|ARM
		Release|x64 = Release|x64
		Release|x86 = Release|x86
	EndGlobalSection
	GlobalSection(ProjectConfigurationPlatforms) = postSolution
		{7B66BC00-A689-409E-A8BC-9F381E94CDC1}.Debug|ARM.ActiveCfg = Debug|ARM
		{7B66BC00-A689-409E-A8BC-9F381E94CDC1}.Debug|ARM.Build.0 = Debug|ARM
		{7B66BC00-A689-409E-A8BC-9F381E94CDC1}.Debug|x64.ActiveCfg = Debug|x64
		{7B66BC00-A689-409E-A8BC-9F381E94CDC1}.Debug|x64.Build.0 = Debug|x64
		{7B66BC00-A689-409E-A8BC-9F381E94CDC1}.Debug|x86.ActiveCfg = Debug|x86
		{7B66BC00-A689-409E-A8BC-9F381E94CDC1}.Debug|x86.Build.0 = Debug|x86
		{7B66BC00-A689-409E-A8BC-9F381E94CDC1}.Release|ARM.ActiveCfg = Release|ARM
		{7B66BC00-A689-409E-A8BC-9F381E94CDC1}.Release|ARM.Build.0 = Release|ARM
		{7B66BC00-A689-409E-A8BC-9F381E94CDC1}.Release|x64.ActiveCfg = Release|x64
		{7B66BC00-A689-409E-A8BC-9F381E94CDC1}.Release|x64.Build.0 = Release|x64
		{7B66BC00-A689-409E-A8BC-9F381E94CDC1}.Release|x86.ActiveCfg = Release|x86
		{7B66BC00-A689-409E-A8BC-9F381E94CDC1}.Release|x86.Build.0 = Release|x86
	EndGlobalSection
	GlobalSection(SolutionProperties) = preSolution
		HideSolutionNode = FALSE
	EndGlobalSection
	GlobalSection(ExtensibilityGlobals) = postSolution
		SolutionGuid = {5179507F-D2BD-4991-A9FC-CDBC9D6AFB05}
	EndGlobalSection
EndGlobal
